{
  "version": 4,
  "terraform_version": "1.3.9",
  "serial": 5,
  "lineage": "9780806d-3f81-faab-9c8d-f5acdac20961",
  "outputs": {
    "droplet_ip": {
      "value": [
        "167.99.238.213"
      ],
      "type": [
        "tuple",
        [
          "string"
        ]
      ]
    }
  },
  "resources": [
    {
      "mode": "data",
      "type": "digitalocean_ssh_key",
      "name": "ssh_key",
      "provider": "provider[\"registry.terraform.io/digitalocean/digitalocean\"]",
      "instances": [
        {
          "schema_version": 0,
          "attributes": {
            "fingerprint": "11:53:04:f0:1b:4d:b1:94:54:d2:e7:59:19:4c:ac:25",
            "id": 37356698,
            "name": "Probook",
            "public_key": "ssh-rsa AAAAB3NzaC1yc2EAAAADAQABAAABAQC3Edo23Eluc1cXBBYddP7rTsb1kbZnH2sd2T4NUP3E3nmIEOyPEz8Io2BHZlw/MPxgZ1yLIYmr0edL4d4Rf1GV9Bxnq3dTLfqvk6hY2jeqURdBlIK9vztqZwTGljYPS3YQWgFt9Jx72AemnmQ0M2su6c0jPVOf+EQ2lOXlODcYvGC7hv64oMoTmbbb+uMObsnHci5rvA0JyOnO/BDQ+7eMJC7/+koyI4iJe6C5Whqacn38IZZetjBca8xwVEUlYytuRcJQv5Vxh1te0vUVq9gU924wrCkUL52D0InUM+dFDCT+p8faD57G45KOHgX21JnlaoNcSMX0zstiEUrmMEjv lpampolha@fedora"
          },
          "sensitive_attributes": []
        }
      ]
    },
    {
      "mode": "managed",
      "type": "digitalocean_droplet",
      "name": "desafio1",
      "provider": "provider[\"registry.terraform.io/digitalocean/digitalocean\"]",
      "instances": [
        {
          "schema_version": 1,
          "attributes": {
            "backups": false,
            "created_at": "2023-03-05T22:39:39Z",
            "disk": 50,
            "droplet_agent": null,
            "graceful_shutdown": false,
            "id": "343983864",
            "image": "ubuntu-22-04-x64",
            "ipv4_address": "167.99.238.213",
            "ipv4_address_private": "10.116.0.2",
            "ipv6": false,
            "ipv6_address": "",
            "locked": false,
            "memory": 2048,
            "monitoring": false,
            "name": "vm-desafio1",
            "price_hourly": 0.01786,
            "price_monthly": 12,
            "private_networking": true,
            "region": "nyc1",
            "resize_disk": true,
            "size": "s-1vcpu-2gb",
            "ssh_keys": [
              "37356698"
            ],
            "status": "active",
            "tags": [],
            "timeouts": null,
            "urn": "do:droplet:343983864",
            "user_data": null,
            "vcpus": 1,
            "volume_ids": [],
            "vpc_uuid": "4146487b-800d-420e-a1c9-0fac50dc9aa5"
          },
          "sensitive_attributes": [],
          "private": "eyJlMmJmYjczMC1lY2FhLTExZTYtOGY4OC0zNDM2M2JjN2M0YzAiOnsiY3JlYXRlIjozNjAwMDAwMDAwMDAwLCJkZWxldGUiOjYwMDAwMDAwMDAwLCJ1cGRhdGUiOjM2MDAwMDAwMDAwMDB9LCJzY2hlbWFfdmVyc2lvbiI6IjEifQ==",
          "dependencies": [
            "data.digitalocean_ssh_key.ssh_key"
          ]
        }
      ]
    },
    {
      "mode": "managed",
      "type": "digitalocean_firewall",
      "name": "firewall_desafio1",
      "provider": "provider[\"registry.terraform.io/digitalocean/digitalocean\"]",
      "instances": [
        {
          "schema_version": 0,
          "attributes": {
            "created_at": "2023-03-05T22:40:21Z",
            "droplet_ids": [
              343983864
            ],
            "id": "4193530c-101a-4d77-9a37-38fa134731f0",
            "inbound_rule": [
              {
                "port_range": "22",
                "protocol": "tcp",
                "source_addresses": [
                  "239.13.117.114/32"
                ],
                "source_droplet_ids": [],
                "source_kubernetes_ids": [],
                "source_load_balancer_uids": [],
                "source_tags": []
              },
              {
                "port_range": "443",
                "protocol": "tcp",
                "source_addresses": [
                  "239.13.117.114/32"
                ],
                "source_droplet_ids": [],
                "source_kubernetes_ids": [],
                "source_load_balancer_uids": [],
                "source_tags": []
              },
              {
                "port_range": "53",
                "protocol": "tcp",
                "source_addresses": [
                  "239.13.117.114/32"
                ],
                "source_droplet_ids": [],
                "source_kubernetes_ids": [],
                "source_load_balancer_uids": [],
                "source_tags": []
              },
              {
                "port_range": "80",
                "protocol": "tcp",
                "source_addresses": [
                  "239.13.117.114/32"
                ],
                "source_droplet_ids": [],
                "source_kubernetes_ids": [],
                "source_load_balancer_uids": [],
                "source_tags": []
              }
            ],
            "name": "firewall-desafio1",
            "outbound_rule": [
              {
                "destination_addresses": [
                  "239.13.117.114/32"
                ],
                "destination_droplet_ids": [],
                "destination_kubernetes_ids": [],
                "destination_load_balancer_uids": [],
                "destination_tags": [],
                "port_range": "22",
                "protocol": "tcp"
              },
              {
                "destination_addresses": [
                  "239.13.117.114/32"
                ],
                "destination_droplet_ids": [],
                "destination_kubernetes_ids": [],
                "destination_load_balancer_uids": [],
                "destination_tags": [],
                "port_range": "443",
                "protocol": "tcp"
              },
              {
                "destination_addresses": [
                  "239.13.117.114/32"
                ],
                "destination_droplet_ids": [],
                "destination_kubernetes_ids": [],
                "destination_load_balancer_uids": [],
                "destination_tags": [],
                "port_range": "53",
                "protocol": "tcp"
              },
              {
                "destination_addresses": [
                  "239.13.117.114/32"
                ],
                "destination_droplet_ids": [],
                "destination_kubernetes_ids": [],
                "destination_load_balancer_uids": [],
                "destination_tags": [],
                "port_range": "80",
                "protocol": "tcp"
              }
            ],
            "pending_changes": [
              {
                "droplet_id": 343983864,
                "removing": false,
                "status": "waiting"
              }
            ],
            "status": "waiting",
            "tags": []
          },
          "sensitive_attributes": [],
          "private": "bnVsbA==",
          "dependencies": [
            "digitalocean_droplet.desafio1"
          ]
        }
      ]
    }
  ],
  "check_results": null
}
